// !$*UTF8*$!
{
	archiveVersion = 1;
	classes = {
	};
	objectVersion = 56;
	objects = {

/* Begin PBXBuildFile section */
		9BA37DC32A8623B200BCE938 /* HabitApp.swift in Sources */ = {isa = PBXBuildFile; fileRef = 9BA37DC22A8623B200BCE938 /* HabitApp.swift */; };
		9BA37DC52A8623B200BCE938 /* ContentView.swift in Sources */ = {isa = PBXBuildFile; fileRef = 9BA37DC42A8623B200BCE938 /* ContentView.swift */; };
		9BA37DC72A8623B300BCE938 /* Assets.xcassets in Resources */ = {isa = PBXBuildFile; fileRef = 9BA37DC62A8623B300BCE938 /* Assets.xcassets */; };
		9BA37DCA2A8623B300BCE938 /* Preview Assets.xcassets in Resources */ = {isa = PBXBuildFile; fileRef = 9BA37DC92A8623B300BCE938 /* Preview Assets.xcassets */; };
		9BA37DD42A8623B300BCE938 /* HabitTests.swift in Sources */ = {isa = PBXBuildFile; fileRef = 9BA37DD32A8623B300BCE938 /* HabitTests.swift */; };
		9BA37DDE2A8623B300BCE938 /* HabitUITests.swift in Sources */ = {isa = PBXBuildFile; fileRef = 9BA37DDD2A8623B300BCE938 /* HabitUITests.swift */; };
		9BA37DE02A8623B300BCE938 /* HabitUITestsLaunchTests.swift in Sources */ = {isa = PBXBuildFile; fileRef = 9BA37DDF2A8623B300BCE938 /* HabitUITestsLaunchTests.swift */; };
/* End PBXBuildFile section */

/* Begin PBXContainerItemProxy section */
		9BA37DD02A8623B300BCE938 /* PBXContainerItemProxy */ = {
			isa = PBXContainerItemProxy;
			containerPortal = 9BA37DB72A8623B200BCE938 /* Project object */;
			proxyType = 1;
			remoteGlobalIDString = 9BA37DBE2A8623B200BCE938;
			remoteInfo = Habit;
		};
		9BA37DDA2A8623B300BCE938 /* PBXContainerItemProxy */ = {
			isa = PBXContainerItemProxy;
			containerPortal = 9BA37DB72A8623B200BCE938 /* Project object */;
			proxyType = 1;
			remoteGlobalIDString = 9BA37DBE2A8623B200BCE938;
			remoteInfo = Habit;
		};
/* End PBXContainerItemProxy section */

/* Begin PBXFileReference section */
		9BA37DBF2A8623B200BCE938 /* Habit.app */ = {isa = PBXFileReference; explicitFileType = wrapper.application; includeInIndex = 0; path = Habit.app; sourceTree = BUILT_PRODUCTS_DIR; };
		9BA37DC22A8623B200BCE938 /* HabitApp.swift */ = {isa = PBXFileReference; lastKnownFileType = sourcecode.swift; path = HabitApp.swift; sourceTree = "<group>"; };
		9BA37DC42A8623B200BCE938 /* ContentView.swift */ = {isa = PBXFileReference; lastKnownFileType = sourcecode.swift; path = ContentView.swift; sourceTree = "<group>"; };
		9BA37DC62A8623B300BCE938 /* Assets.xcassets */ = {isa = PBXFileReference; lastKnownFileType = folder.assetcatalog; path = Assets.xcassets; sourceTree = "<group>"; };
		9BA37DC92A8623B300BCE938 /* Preview Assets.xcassets */ = {isa = PBXFileReference; lastKnownFileType = folder.assetcatalog; path = "Preview Assets.xcassets"; sourceTree = "<group>"; };
		9BA37DCF2A8623B300BCE938 /* HabitTests.xctest */ = {isa = PBXFileReference; explicitFileType = wrapper.cfbundle; includeInIndex = 0; path = HabitTests.xctest; sourceTree = BUILT_PRODUCTS_DIR; };
		9BA37DD32A8623B300BCE938 /* HabitTests.swift */ = {isa = PBXFileReference; lastKnownFileType = sourcecode.swift; path = HabitTests.swift; sourceTree = "<group>"; };
		9BA37DD92A8623B300BCE938 /* HabitUITests.xctest */ = {isa = PBXFileReference; explicitFileType = wrapper.cfbundle; includeInIndex = 0; path = HabitUITests.xctest; sourceTree = BUILT_PRODUCTS_DIR; };
		9BA37DDD2A8623B300BCE938 /* HabitUITests.swift */ = {isa = PBXFileReference; lastKnownFileType = sourcecode.swift; path = HabitUITests.swift; sourceTree = "<group>"; };
		9BA37DDF2A8623B300BCE938 /* HabitUITestsLaunchTests.swift */ = {isa = PBXFileReference; lastKnownFileType = sourcecode.swift; path = HabitUITestsLaunchTests.swift; sourceTree = "<group>"; };
/* End PBXFileReference section */

/* Begin PBXFrameworksBuildPhase section */
		9BA37DBC2A8623B200BCE938 /* Frameworks */ = {
			isa = PBXFrameworksBuildPhase;
			buildActionMask = 2147483647;
			files = (
			);
			runOnlyForDeploymentPostprocessing = 0;
		};
		9BA37DCC2A8623B300BCE938 /* Frameworks */ = {
			isa = PBXFrameworksBuildPhase;
			buildActionMask = 2147483647;
			files = (
			);
			runOnlyForDeploymentPostprocessing = 0;
		};
		9BA37DD62A8623B300BCE938 /* Frameworks */ = {
			isa = PBXFrameworksBuildPhase;
			buildActionMask = 2147483647;
			files = (
			);
			runOnlyForDeploymentPostprocessing = 0;
		};
/* End PBXFrameworksBuildPhase section */

/* Begin PBXGroup section */
		9BA37DB62A8623B200BCE938 = {
			isa = PBXGroup;
			children = (
				9BA37DC12A8623B200BCE938 /* Habit */,
				9BA37DD22A8623B300BCE938 /* HabitTests */,
				9BA37DDC2A8623B300BCE938 /* HabitUITests */,
				9BA37DC02A8623B200BCE938 /* Products */,
			);
			sourceTree = "<group>";
		};
		9BA37DC02A8623B200BCE938 /* Products */ = {
			isa = PBXGroup;
			children = (
				9BA37DBF2A8623B200BCE938 /* Habit.app */,
				9BA37DCF2A8623B300BCE938 /* HabitTests.xctest */,
				9BA37DD92A8623B300BCE938 /* HabitUITests.xctest */,
			);
			name = Products;
			sourceTree = "<group>";
		};
		9BA37DC12A8623B200BCE938 /* Habit */ = {
			isa = PBXGroup;
			children = (
				9BA37DC22A8623B200BCE938 /* HabitApp.swift */,
				9BA37DC42A8623B200BCE938 /* ContentView.swift */,
				9BA37DC62A8623B300BCE938 /* Assets.xcassets */,
				9BA37DC82A8623B300BCE938 /* Preview Content */,
			);
			path = Habit;
			sourceTree = "<group>";
		};
		9BA37DC82A8623B300BCE938 /* Preview Content */ = {
			isa = PBXGroup;
			children = (
				9BA37DC92A8623B300BCE938 /* Preview Assets.xcassets */,
			);
			path = "Preview Content";
			sourceTree = "<group>";
		};
		9BA37DD22A8623B300BCE938 /* HabitTests */ = {
			isa = PBXGroup;
			children = (
				9BA37DD32A8623B300BCE938 /* HabitTests.swift */,
			);
			path = HabitTests;
			sourceTree = "<group>";
		};
		9BA37DDC2A8623B300BCE938 /* HabitUITests */ = {
			isa = PBXGroup;
			children = (
				9BA37DDD2A8623B300BCE938 /* HabitUITests.swift */,
				9BA37DDF2A8623B300BCE938 /* HabitUITestsLaunchTests.swift */,
			);
			path = HabitUITests;
			sourceTree = "<group>";
		};
/* End PBXGroup section */

/* Begin PBXNativeTarget section */
		9BA37DBE2A8623B200BCE938 /* Habit */ = {
			isa = PBXNativeTarget;
			buildConfigurationList = 9BA37DE32A8623B300BCE938 /* Build configuration list for PBXNativeTarget "Habit" */;
			buildPhases = (
				9BA37DBB2A8623B200BCE938 /* Sources */,
				9BA37DBC2A8623B200BCE938 /* Frameworks */,
				9BA37DBD2A8623B200BCE938 /* Resources */,
			);
			buildRules = (
			);
			dependencies = (
			);
			name = Habit;
			productName = Habit;
			productReference = 9BA37DBF2A8623B200BCE938 /* Habit.app */;
			productType = "com.apple.product-type.application";
		};
		9BA37DCE2A8623B300BCE938 /* HabitTests */ = {
			isa = PBXNativeTarget;
			buildConfigurationList = 9BA37DE62A8623B300BCE938 /* Build configuration list for PBXNativeTarget "HabitTests" */;
			buildPhases = (
				9BA37DCB2A8623B300BCE938 /* Sources */,
				9BA37DCC2A8623B300BCE938 /* Frameworks */,
				9BA37DCD2A8623B300BCE938 /* Resources */,
			);
			buildRules = (
			);
			dependencies = (
				9BA37DD12A8623B300BCE938 /* PBXTargetDependency */,
			);
			name = HabitTests;
			productName = HabitTests;
			productReference = 9BA37DCF2A8623B300BCE938 /* HabitTests.xctest */;
			productType = "com.apple.product-type.bundle.unit-test";
		};
		9BA37DD82A8623B300BCE938 /* HabitUITests */ = {
			isa = PBXNativeTarget;
			buildConfigurationList = 9BA37DE92A8623B300BCE938 /* Build configuration list for PBXNativeTarget "HabitUITests" */;
			buildPhases = (
				9BA37DD52A8623B300BCE938 /* Sources */,
				9BA37DD62A8623B300BCE938 /* Frameworks */,
				9BA37DD72A8623B300BCE938 /* Resources */,
			);
			buildRules = (
			);
			dependencies = (
				9BA37DDB2A8623B300BCE938 /* PBXTargetDependency */,
			);
			name = HabitUITests;
			productName = HabitUITests;
			productReference = 9BA37DD92A8623B300BCE938 /* HabitUITests.xctest */;
			productType = "com.apple.product-type.bundle.ui-testing";
		};
/* End PBXNativeTarget section */

/* Begin PBXProject section */
		9BA37DB72A8623B200BCE938 /* Project object */ = {
			isa = PBXProject;
			attributes = {
				BuildIndependentTargetsInParallel = 1;
				LastSwiftUpdateCheck = 1430;
				LastUpgradeCheck = 1430;
				TargetAttributes = {
					9BA37DBE2A8623B200BCE938 = {
						CreatedOnToolsVersion = 14.3.1;
					};
					9BA37DCE2A8623B300BCE938 = {
						CreatedOnToolsVersion = 14.3.1;
						TestTargetID = 9BA37DBE2A8623B200BCE938;
					};
					9BA37DD82A8623B300BCE938 = {
						CreatedOnToolsVersion = 14.3.1;
						TestTargetID = 9BA37DBE2A8623B200BCE938;
					};
				};
			};
			buildConfigurationList = 9BA37DBA2A8623B200BCE938 /* Build configuration list for PBXProject "Habit" */;
			compatibilityVersion = "Xcode 14.0";
			developmentRegion = en;
			hasScannedForEncodings = 0;
			knownRegions = (
				en,
				Base,
			);
			mainGroup = 9BA37DB62A8623B200BCE938;
			productRefGroup = 9BA37DC02A8623B200BCE938 /* Products */;
			projectDirPath = "";
			projectRoot = "";
			targets = (
				9BA37DBE2A8623B200BCE938 /* Habit */,
				9BA37DCE2A8623B300BCE938 /* HabitTests */,
				9BA37DD82A8623B300BCE938 /* HabitUITests */,
			);
		};
/* End PBXProject section */

/* Begin PBXResourcesBuildPhase section */
		9BA37DBD2A8623B200BCE938 /* Resources */ = {
			isa = PBXResourcesBuildPhase;
			buildActionMask = 2147483647;
			files = (
				9BA37DCA2A8623B300BCE938 /* Preview Assets.xcassets in Resources */,
				9BA37DC72A8623B300BCE938 /* Assets.xcassets in Resources */,
			);
			runOnlyForDeploymentPostprocessing = 0;
		};
		9BA37DCD2A8623B300BCE938 /* Resources */ = {
			isa = PBXResourcesBuildPhase;
			buildActionMask = 2147483647;
			files = (
			);
			runOnlyForDeploymentPostprocessing = 0;
		};
		9BA37DD72A8623B300BCE938 /* Resources */ = {
			isa = PBXResourcesBuildPhase;
			buildActionMask = 2147483647;
			files = (
			);
			runOnlyForDeploymentPostprocessing = 0;
		};
/* End PBXResourcesBuildPhase section */

/* Begin PBXSourcesBuildPhase section */
		9BA37DBB2A8623B200BCE938 /* Sources */ = {
			isa = PBXSourcesBuildPhase;
			buildActionMask = 2147483647;
			files = (
				9BA37DC52A8623B200BCE938 /* ContentView.swift in Sources */,
				9BA37DC32A8623B200BCE938 /* HabitApp.swift in Sources */,
			);
			runOnlyForDeploymentPostprocessing = 0;
		};
		9BA37DCB2A8623B300BCE938 /* Sources */ = {
			isa = PBXSourcesBuildPhase;
			buildActionMask = 2147483647;
			files = (
				9BA37DD42A8623B300BCE938 /* HabitTests.swift in Sources */,
			);
			runOnlyForDeploymentPostprocessing = 0;
		};
		9BA37DD52A8623B300BCE938 /* Sources */ = {
			isa = PBXSourcesBuildPhase;
			buildActionMask = 2147483647;
			files = (
				9BA37DDE2A8623B300BCE938 /* HabitUITests.swift in Sources */,
				9BA37DE02A8623B300BCE938 /* HabitUITestsLaunchTests.swift in Sources */,
			);
			runOnlyForDeploymentPostprocessing = 0;
		};
/* End PBXSourcesBuildPhase section */

/* Begin PBXTargetDependency section */
		9BA37DD12A8623B300BCE938 /* PBXTargetDependency */ = {
			isa = PBXTargetDependency;
			target = 9BA37DBE2A8623B200BCE938 /* Habit */;
			targetProxy = 9BA37DD02A8623B300BCE938 /* PBXContainerItemProxy */;
		};
		9BA37DDB2A8623B300BCE938 /* PBXTargetDependency */ = {
			isa = PBXTargetDependency;
			target = 9BA37DBE2A8623B200BCE938 /* Habit */;
			targetProxy = 9BA37DDA2A8623B300BCE938 /* PBXContainerItemProxy */;
		};
/* End PBXTargetDependency section */

/* Begin XCBuildConfiguration section */
		9BA37DE12A8623B300BCE938 /* Debug */ = {
			isa = XCBuildConfiguration;
			buildSettings = {
				ALWAYS_SEARCH_USER_PATHS = NO;
				CLANG_ANALYZER_NONNULL = YES;
				CLANG_ANALYZER_NUMBER_OBJECT_CONVERSION = YES_AGGRESSIVE;
				CLANG_CXX_LANGUAGE_STANDARD = "gnu++20";
				CLANG_ENABLE_MODULES = YES;
				CLANG_ENABLE_OBJC_ARC = YES;
				CLANG_ENABLE_OBJC_WEAK = YES;
				CLANG_WARN_BLOCK_CAPTURE_AUTORELEASING = YES;
				CLANG_WARN_BOOL_CONVERSION = YES;
				CLANG_WARN_COMMA = YES;
				CLANG_WARN_CONSTANT_CONVERSION = YES;
				CLANG_WARN_DEPRECATED_OBJC_IMPLEMENTATIONS = YES;
				CLANG_WARN_DIRECT_OBJC_ISA_USAGE = YES_ERROR;
				CLANG_WARN_DOCUMENTATION_COMMENTS = YES;
				CLANG_WARN_EMPTY_BODY = YES;
				CLANG_WARN_ENUM_CONVERSION = YES;
				CLANG_WARN_INFINITE_RECURSION = YES;
				CLANG_WARN_INT_CONVERSION = YES;
				CLANG_WARN_NON_LITERAL_NULL_CONVERSION = YES;
				CLANG_WARN_OBJC_IMPLICIT_RETAIN_SELF = YES;
				CLANG_WARN_OBJC_LITERAL_CONVERSION = YES;
				CLANG_WARN_OBJC_ROOT_CLASS = YES_ERROR;
				CLANG_WARN_QUOTED_INCLUDE_IN_FRAMEWORK_HEADER = YES;
				CLANG_WARN_RANGE_LOOP_ANALYSIS = YES;
				CLANG_WARN_STRICT_PROTOTYPES = YES;
				CLANG_WARN_SUSPICIOUS_MOVE = YES;
				CLANG_WARN_UNGUARDED_AVAILABILITY = YES_AGGRESSIVE;
				CLANG_WARN_UNREACHABLE_CODE = YES;
				CLANG_WARN__DUPLICATE_METHOD_MATCH = YES;
				COPY_PHASE_STRIP = NO;
				DEBUG_INFORMATION_FORMAT = dwarf;
				ENABLE_STRICT_OBJC_MSGSEND = YES;
				ENABLE_TESTABILITY = YES;
				GCC_C_LANGUAGE_STANDARD = gnu11;
				GCC_DYNAMIC_NO_PIC = NO;
				GCC_NO_COMMON_BLOCKS = YES;
				GCC_OPTIMIZATION_LEVEL = 0;
				GCC_PREPROCESSOR_DEFINITIONS = (
					"DEBUG=1",
					"$(inherited)",
				);
				GCC_WARN_64_TO_32_BIT_CONVERSION = YES;
				GCC_WARN_ABOUT_RETURN_TYPE = YES_ERROR;
				GCC_WARN_UNDECLARED_SELECTOR = YES;
				GCC_WARN_UNINITIALIZED_AUTOS = YES_AGGRESSIVE;
				GCC_WARN_UNUSED_FUNCTION = YES;
				GCC_WARN_UNUSED_VARIABLE = YES;
				IPHONEOS_DEPLOYMENT_TARGET = 16.4;
				MTL_ENABLE_DEBUG_INFO = INCLUDE_SOURCE;
				MTL_FAST_MATH = YES;
				ONLY_ACTIVE_ARCH = YES;
				SDKROOT = iphoneos;
				SWIFT_ACTIVE_COMPILATION_CONDITIONS = DEBUG;
				SWIFT_OPTIMIZATION_LEVEL = "-Onone";
			};
			name = Debug;
		};
		9BA37DE22A8623B300BCE938 /* Release */ = {
			isa = XCBuildConfiguration;
			buildSettings = {
				ALWAYS_SEARCH_USER_PATHS = NO;
				CLANG_ANALYZER_NONNULL = YES;
				CLANG_ANALYZER_NUMBER_OBJECT_CONVERSION = YES_AGGRESSIVE;
				CLANG_CXX_LANGUAGE_STANDARD = "gnu++20";
				CLANG_ENABLE_MODULES = YES;
				CLANG_ENABLE_OBJC_ARC = YES;
				CLANG_ENABLE_OBJC_WEAK = YES;
				CLANG_WARN_BLOCK_CAPTURE_AUTORELEASING = YES;
				CLANG_WARN_BOOL_CONVERSION = YES;
				CLANG_WARN_COMMA = YES;
				CLANG_WARN_CONSTANT_CONVERSION = YES;
				CLANG_WARN_DEPRECATED_OBJC_IMPLEMENTATIONS = YES;
				CLANG_WARN_DIRECT_OBJC_ISA_USAGE = YES_ERROR;
				CLANG_WARN_DOCUMENTATION_COMMENTS = YES;
				CLANG_WARN_EMPTY_BODY = YES;
				CLANG_WARN_ENUM_CONVERSION = YES;
				CLANG_WARN_INFINITE_RECURSION = YES;
				CLANG_WARN_INT_CONVERSION = YES;
				CLANG_WARN_NON_LITERAL_NULL_CONVERSION = YES;
				CLANG_WARN_OBJC_IMPLICIT_RETAIN_SELF = YES;
				CLANG_WARN_OBJC_LITERAL_CONVERSION = YES;
				CLANG_WARN_OBJC_ROOT_CLASS = YES_ERROR;
				CLANG_WARN_QUOTED_INCLUDE_IN_FRAMEWORK_HEADER = YES;
				CLANG_WARN_RANGE_LOOP_ANALYSIS = YES;
				CLANG_WARN_STRICT_PROTOTYPES = YES;
				CLANG_WARN_SUSPICIOUS_MOVE = YES;
				CLANG_WARN_UNGUARDED_AVAILABILITY = YES_AGGRESSIVE;
				CLANG_WARN_UNREACHABLE_CODE = YES;
				CLANG_WARN__DUPLICATE_METHOD_MATCH = YES;
				COPY_PHASE_STRIP = NO;
				DEBUG_INFORMATION_FORMAT = "dwarf-with-dsym";
				ENABLE_NS_ASSERTIONS = NO;
				ENABLE_STRICT_OBJC_MSGSEND = YES;
				GCC_C_LANGUAGE_STANDARD = gnu11;
				GCC_NO_COMMON_BLOCKS = YES;
				GCC_WARN_64_TO_32_BIT_CONVERSION = YES;
				GCC_WARN_ABOUT_RETURN_TYPE = YES_ERROR;
				GCC_WARN_UNDECLARED_SELECTOR = YES;
				GCC_WARN_UNINITIALIZED_AUTOS = YES_AGGRESSIVE;
				GCC_WARN_UNUSED_FUNCTION = YES;
				GCC_WARN_UNUSED_VARIABLE = YES;
				IPHONEOS_DEPLOYMENT_TARGET = 16.4;
				MTL_ENABLE_DEBUG_INFO = NO;
				MTL_FAST_MATH = YES;
				SDKROOT = iphoneos;
				SWIFT_COMPILATION_MODE = wholemodule;
				SWIFT_OPTIMIZATION_LEVEL = "-O";
				VALIDATE_PRODUCT = YES;
			};
			name = Release;
		};
		9BA37DE42A8623B300BCE938 /* Debug */ = {
			isa = XCBuildConfiguration;
			buildSettings = {
				ASSETCATALOG_COMPILER_APPICON_NAME = AppIcon;
				ASSETCATALOG_COMPILER_GLOBAL_ACCENT_COLOR_NAME = AccentColor;
				CODE_SIGN_STYLE = Automatic;
				CURRENT_PROJECT_VERSION = 1;
				DEVELOPMENT_ASSET_PATHS = "\"Habit/Preview Content\"";
				DEVELOPMENT_TEAM = T547279B6A;
				ENABLE_PREVIEWS = YES;
				GENERATE_INFOPLIST_FILE = YES;
				INFOPLIST_KEY_UIApplicationSceneManifest_Generation = YES;
				INFOPLIST_KEY_UIApplicationSupportsIndirectInputEvents = YES;
				INFOPLIST_KEY_UILaunchScreen_Generation = YES;
				INFOPLIST_KEY_UISupportedInterfaceOrientations_iPad = "UIInterfaceOrientationPortrait UIInterfaceOrientationPortraitUpsideDown UIInterfaceOrientationLandscapeLeft UIInterfaceOrientationLandscapeRight";
				INFOPLIST_KEY_UISupportedInterfaceOrientations_iPhone = "UIInterfaceOrientationPortrait UIInterfaceOrientationLandscapeLeft UIInterfaceOrientationLandscapeRight";
				LD_RUNPATH_SEARCH_PATHS = (
					"$(inherited)",
					"@executable_path/Frameworks",
				);
				MARKETING_VERSION = 1.0;
				PRODUCT_BUNDLE_IDENTIFIER = Simone.Habit;
				PRODUCT_NAME = "$(TARGET_NAME)";
				SWIFT_EMIT_LOC_STRINGS = YES;
				SWIFT_VERSION = 5.0;
				TARGETED_DEVICE_FAMILY = "1,2";
			};
			name = Debug;
		};
		9BA37DE52A8623B300BCE938 /* Release */ = {
			isa = XCBuildConfiguration;
			buildSettings = {
				ASSETCATALOG_COMPILER_APPICON_NAME = AppIcon;
				ASSETCATALOG_COMPILER_GLOBAL_ACCENT_COLOR_NAME = AccentColor;
				CODE_SIGN_STYLE = Automatic;
				CURRENT_PROJECT_VERSION = 1;
				DEVELOPMENT_ASSET_PATHS = "\"Habit/Preview Content\"";
				DEVELOPMENT_TEAM = T547279B6A;
				ENABLE_PREVIEWS = YES;
				GENERATE_INFOPLIST_FILE = YES;
				INFOPLIST_KEY_UIApplicationSceneManifest_Generation = YES;
				INFOPLIST_KEY_UIApplicationSupportsIndirectInputEvents = YES;
				INFOPLIST_KEY_UILaunchScreen_Generation = YES;
				INFOPLIST_KEY_UISupportedInterfaceOrientations_iPad = "UIInterfaceOrientationPortrait UIInterfaceOrientationPortraitUpsideDown UIInterfaceOrientationLandscapeLeft UIInterfaceOrientationLandscapeRight";
				INFOPLIST_KEY_UISupportedInterfaceOrientations_iPhone = "UIInterfaceOrientationPortrait UIInterfaceOrientationLandscapeLeft UIInterfaceOrientationLandscapeRight";
				LD_RUNPATH_SEARCH_PATHS = (
					"$(inherited)",
					"@executable_path/Frameworks",
				);
				MARKETING_VERSION = 1.0;
				PRODUCT_BUNDLE_IDENTIFIER = Simone.Habit;
				PRODUCT_NAME = "$(TARGET_NAME)";
				SWIFT_EMIT_LOC_STRINGS = YES;
				SWIFT_VERSION = 5.0;
				TARGETED_DEVICE_FAMILY = "1,2";
			};
			name = Release;
		};
		9BA37DE72A8623B300BCE938 /* Debug */ = {
			isa = XCBuildConfiguration;
			buildSettings = {
				ALWAYS_EMBED_SWIFT_STANDARD_LIBRARIES = YES;
				BUNDLE_LOADER = "$(TEST_HOST)";
				CODE_SIGN_STYLE = Automatic;
				CURRENT_PROJECT_VERSION = 1;
				DEVELOPMENT_TEAM = T547279B6A;
				GENERATE_INFOPLIST_FILE = YES;
				IPHONEOS_DEPLOYMENT_TARGET = 16.4;
				MARKETING_VERSION = 1.0;
				PRODUCT_BUNDLE_IDENTIFIER = Simone.HabitTests;
				PRODUCT_NAME = "$(TARGET_NAME)";
				SWIFT_EMIT_LOC_STRINGS = NO;
				SWIFT_VERSION = 5.0;
				TARGETED_DEVICE_FAMILY = "1,2";
				TEST_HOST = "$(BUILT_PRODUCTS_DIR)/Habit.app/$(BUNDLE_EXECUTABLE_FOLDER_PATH)/Habit";
			};
			name = Debug;
		};
		9BA37DE82A8623B300BCE938 /* Release */ = {
			isa = XCBuildConfiguration;
			buildSettings = {
				ALWAYS_EMBED_SWIFT_STANDARD_LIBRARIES = YES;
				BUNDLE_LOADER = "$(TEST_HOST)";
				CODE_SIGN_STYLE = Automatic;
				CURRENT_PROJECT_VERSION = 1;
				DEVELOPMENT_TEAM = T547279B6A;
				GENERATE_INFOPLIST_FILE = YES;
				IPHONEOS_DEPLOYMENT_TARGET = 16.4;
				MARKETING_VERSION = 1.0;
				PRODUCT_BUNDLE_IDENTIFIER = Simone.HabitTests;
				PRODUCT_NAME = "$(TARGET_NAME)";
				SWIFT_EMIT_LOC_STRINGS = NO;
				SWIFT_VERSION = 5.0;
				TARGETED_DEVICE_FAMILY = "1,2";
				TEST_HOST = "$(BUILT_PRODUCTS_DIR)/Habit.app/$(BUNDLE_EXECUTABLE_FOLDER_PATH)/Habit";
			};
			name = Release;
		};
		9BA37DEA2A8623B300BCE938 /* Debug */ = {
			isa = XCBuildConfiguration;
			buildSettings = {
				ALWAYS_EMBED_SWIFT_STANDARD_LIBRARIES = YES;
				CODE_SIGN_STYLE = Automatic;
				CURRENT_PROJECT_VERSION = 1;
				DEVELOPMENT_TEAM = T547279B6A;
				GENERATE_INFOPLIST_FILE = YES;
				MARKETING_VERSION = 1.0;
				PRODUCT_BUNDLE_IDENTIFIER = Simone.HabitUITests;
				PRODUCT_NAME = "$(TARGET_NAME)";
				SWIFT_EMIT_LOC_STRINGS = NO;
				SWIFT_VERSION = 5.0;
				TARGETED_DEVICE_FAMILY = "1,2";
				TEST_TARGET_NAME = Habit;
			};
			name = Debug;
		};
		9BA37DEB2A8623B300BCE938 /* Release */ = {
			isa = XCBuildConfiguration;
			buildSettings = {
				ALWAYS_EMBED_SWIFT_STANDARD_LIBRARIES = YES;
				CODE_SIGN_STYLE = Automatic;
				CURRENT_PROJECT_VERSION = 1;
				DEVELOPMENT_TEAM = T547279B6A;
				GENERATE_INFOPLIST_FILE = YES;
				MARKETING_VERSION = 1.0;
				PRODUCT_BUNDLE_IDENTIFIER = Simone.HabitUITests;
				PRODUCT_NAME = "$(TARGET_NAME)";
				SWIFT_EMIT_LOC_STRINGS = NO;
				SWIFT_VERSION = 5.0;
				TARGETED_DEVICE_FAMILY = "1,2";
				TEST_TARGET_NAME = Habit;
			};
			name = Release;
		};
/* End XCBuildConfiguration section */

/* Begin XCConfigurationList section */
		9BA37DBA2A8623B200BCE938 /* Build configuration list for PBXProject "Habit" */ = {
			isa = XCConfigurationList;
			buildConfigurations = (
				9BA37DE12A8623B300BCE938 /* Debug */,
				9BA37DE22A8623B300BCE938 /* Release */,
			);
			defaultConfigurationIsVisible = 0;
			defaultConfigurationName = Release;
		};
		9BA37DE32A8623B300BCE938 /* Build configuration list for PBXNativeTarget "Habit" */ = {
			isa = XCConfigurationList;
			buildConfigurations = (
				9BA37DE42A8623B300BCE938 /* Debug */,
				9BA37DE52A8623B300BCE938 /* Release */,
			);
			defaultConfigurationIsVisible = 0;
			defaultConfigurationName = Release;
		};
		9BA37DE62A8623B300BCE938 /* Build configuration list for PBXNativeTarget "HabitTests" */ = {
			isa = XCConfigurationList;
			buildConfigurations = (
				9BA37DE72A8623B300BCE938 /* Debug */,
				9BA37DE82A8623B300BCE938 /* Release */,
			);
			defaultConfigurationIsVisible = 0;
			defaultConfigurationName = Release;
		};
		9BA37DE92A8623B300BCE938 /* Build configuration list for PBXNativeTarget "HabitUITests" */ = {
			isa = XCConfigurationList;
			buildConfigurations = (
				9BA37DEA2A8623B300BCE938 /* Debug */,
				9BA37DEB2A8623B300BCE938 /* Release */,
			);
			defaultConfigurationIsVisible = 0;
			defaultConfigurationName = Release;
		};
/* End XCConfigurationList section */
	};
	rootObject = 9BA37DB72A8623B200BCE938 /* Project object */;
}
